// !$*UTF8*$!
{
	archiveVersion = 1;
	classes = {
	};
	objectVersion = 56;
	objects = {

/* Begin PBXBuildFile section */
		1019F4542A321410009F5E15 /* ProductList.swift in Sources */ = {isa = PBXBuildFile; fileRef = 1019F4532A321410009F5E15 /* ProductList.swift */; };
		1019F4562A3216AF009F5E15 /* Products.swift in Sources */ = {isa = PBXBuildFile; fileRef = 1019F4552A3216AF009F5E15 /* Products.swift */; };
		1019F4592A3216F3009F5E15 /* Alamofire in Frameworks */ = {isa = PBXBuildFile; productRef = 1019F4582A3216F3009F5E15 /* Alamofire */; };
		1019F45B2A3217E7009F5E15 /* Api.swift in Sources */ = {isa = PBXBuildFile; fileRef = 1019F45A2A3217E7009F5E15 /* Api.swift */; };
		1019F45D2A3220B5009F5E15 /* ProductCategory.swift in Sources */ = {isa = PBXBuildFile; fileRef = 1019F45C2A3220B5009F5E15 /* ProductCategory.swift */; };
		10312CB52A32F6FF00952B71 /* QuantityFavouriteDetailsView.swift in Sources */ = {isa = PBXBuildFile; fileRef = 10312CB42A32F6FF00952B71 /* QuantityFavouriteDetailsView.swift */; };
		10312CB72A32F76200952B71 /* AddToCartDetailsView.swift in Sources */ = {isa = PBXBuildFile; fileRef = 10312CB62A32F76200952B71 /* AddToCartDetailsView.swift */; };
		10312CB92A333EF800952B71 /* CartView.swift in Sources */ = {isa = PBXBuildFile; fileRef = 10312CB82A333EF800952B71 /* CartView.swift */; };
		10312CBB2A33413E00952B71 /* ProfileView.swift in Sources */ = {isa = PBXBuildFile; fileRef = 10312CBA2A33413E00952B71 /* ProfileView.swift */; };
		10312CBE2A334BF000952B71 /* Shapes.swift in Sources */ = {isa = PBXBuildFile; fileRef = 10312CBD2A334BF000952B71 /* Shapes.swift */; };
		10312CC12A33675300952B71 /* Image.swift in Sources */ = {isa = PBXBuildFile; fileRef = 10312CC02A33675300952B71 /* Image.swift */; };
		10312CC32A336A0200952B71 /* ImagePicker.swift in Sources */ = {isa = PBXBuildFile; fileRef = 10312CC22A336A0200952B71 /* ImagePicker.swift */; };
		10312CC62A33717D00952B71 /* PopUp.swift in Sources */ = {isa = PBXBuildFile; fileRef = 10312CC52A33717D00952B71 /* PopUp.swift */; };
		10312CC92A33D29C00952B71 /* ProductDB.swift in Sources */ = {isa = PBXBuildFile; fileRef = 10312CC82A33D29C00952B71 /* ProductDB.swift */; };
		10F514AB2A2F976A0051D945 /* Shoppers_MartApp.swift in Sources */ = {isa = PBXBuildFile; fileRef = 10F514AA2A2F976A0051D945 /* Shoppers_MartApp.swift */; };
		10F514AD2A2F976A0051D945 /* ContentView.swift in Sources */ = {isa = PBXBuildFile; fileRef = 10F514AC2A2F976A0051D945 /* ContentView.swift */; };
		10F514AF2A2F976B0051D945 /* Assets.xcassets in Resources */ = {isa = PBXBuildFile; fileRef = 10F514AE2A2F976B0051D945 /* Assets.xcassets */; };
		10F514B22A2F976B0051D945 /* Preview Assets.xcassets in Resources */ = {isa = PBXBuildFile; fileRef = 10F514B12A2F976B0051D945 /* Preview Assets.xcassets */; };
		10F514BD2A2F98270051D945 /* HomeView.swift in Sources */ = {isa = PBXBuildFile; fileRef = 10F514BC2A2F98270051D945 /* HomeView.swift */; };
		10F514C02A2F98760051D945 /* MainView.swift in Sources */ = {isa = PBXBuildFile; fileRef = 10F514BF2A2F98760051D945 /* MainView.swift */; };
		10F514C22A2F9B9D0051D945 /* CoverImageView.swift in Sources */ = {isa = PBXBuildFile; fileRef = 10F514C12A2F9B9D0051D945 /* CoverImageView.swift */; };
		10F514C42A2FA5AD0051D945 /* ProductCategoryView.swift in Sources */ = {isa = PBXBuildFile; fileRef = 10F514C32A2FA5AD0051D945 /* ProductCategoryView.swift */; };
		10F514C62A30226B0051D945 /* ProductView.swift in Sources */ = {isa = PBXBuildFile; fileRef = 10F514C52A30226B0051D945 /* ProductView.swift */; };
		10F514C82A3024AC0051D945 /* ProductListView.swift in Sources */ = {isa = PBXBuildFile; fileRef = 10F514C72A3024AC0051D945 /* ProductListView.swift */; };
		10F514CA2A3024CA0051D945 /* ProductDetailsView.swift in Sources */ = {isa = PBXBuildFile; fileRef = 10F514C92A3024CA0051D945 /* ProductDetailsView.swift */; };
/* End PBXBuildFile section */

/* Begin PBXFileReference section */
		1019F4532A321410009F5E15 /* ProductList.swift */ = {isa = PBXFileReference; lastKnownFileType = sourcecode.swift; path = ProductList.swift; sourceTree = "<group>"; };
		1019F4552A3216AF009F5E15 /* Products.swift */ = {isa = PBXFileReference; lastKnownFileType = sourcecode.swift; path = Products.swift; sourceTree = "<group>"; };
		1019F45A2A3217E7009F5E15 /* Api.swift */ = {isa = PBXFileReference; lastKnownFileType = sourcecode.swift; path = Api.swift; sourceTree = "<group>"; };
		1019F45C2A3220B5009F5E15 /* ProductCategory.swift */ = {isa = PBXFileReference; lastKnownFileType = sourcecode.swift; path = ProductCategory.swift; sourceTree = "<group>"; };
		10312CB42A32F6FF00952B71 /* QuantityFavouriteDetailsView.swift */ = {isa = PBXFileReference; lastKnownFileType = sourcecode.swift; path = QuantityFavouriteDetailsView.swift; sourceTree = "<group>"; };
		10312CB62A32F76200952B71 /* AddToCartDetailsView.swift */ = {isa = PBXFileReference; lastKnownFileType = sourcecode.swift; path = AddToCartDetailsView.swift; sourceTree = "<group>"; };
		10312CB82A333EF800952B71 /* CartView.swift */ = {isa = PBXFileReference; lastKnownFileType = sourcecode.swift; path = CartView.swift; sourceTree = "<group>"; };
		10312CBA2A33413E00952B71 /* ProfileView.swift */ = {isa = PBXFileReference; lastKnownFileType = sourcecode.swift; path = ProfileView.swift; sourceTree = "<group>"; };
		10312CBD2A334BF000952B71 /* Shapes.swift */ = {isa = PBXFileReference; lastKnownFileType = sourcecode.swift; path = Shapes.swift; sourceTree = "<group>"; };
		10312CC02A33675300952B71 /* Image.swift */ = {isa = PBXFileReference; lastKnownFileType = sourcecode.swift; path = Image.swift; sourceTree = "<group>"; };
		10312CC22A336A0200952B71 /* ImagePicker.swift */ = {isa = PBXFileReference; lastKnownFileType = sourcecode.swift; path = ImagePicker.swift; sourceTree = "<group>"; };
		10312CC52A33717D00952B71 /* PopUp.swift */ = {isa = PBXFileReference; lastKnownFileType = sourcecode.swift; path = PopUp.swift; sourceTree = "<group>"; };
		10312CC82A33D29C00952B71 /* ProductDB.swift */ = {isa = PBXFileReference; lastKnownFileType = sourcecode.swift; path = ProductDB.swift; sourceTree = "<group>"; };
		10F514A72A2F976A0051D945 /* Shoppers Mart.app */ = {isa = PBXFileReference; explicitFileType = wrapper.application; includeInIndex = 0; path = "Shoppers Mart.app"; sourceTree = BUILT_PRODUCTS_DIR; };
		10F514AA2A2F976A0051D945 /* Shoppers_MartApp.swift */ = {isa = PBXFileReference; lastKnownFileType = sourcecode.swift; path = Shoppers_MartApp.swift; sourceTree = "<group>"; };
		10F514AC2A2F976A0051D945 /* ContentView.swift */ = {isa = PBXFileReference; lastKnownFileType = sourcecode.swift; path = ContentView.swift; sourceTree = "<group>"; };
		10F514AE2A2F976B0051D945 /* Assets.xcassets */ = {isa = PBXFileReference; lastKnownFileType = folder.assetcatalog; path = Assets.xcassets; sourceTree = "<group>"; };
		10F514B12A2F976B0051D945 /* Preview Assets.xcassets */ = {isa = PBXFileReference; lastKnownFileType = folder.assetcatalog; path = "Preview Assets.xcassets"; sourceTree = "<group>"; };
		10F514BC2A2F98270051D945 /* HomeView.swift */ = {isa = PBXFileReference; lastKnownFileType = sourcecode.swift; path = HomeView.swift; sourceTree = "<group>"; };
		10F514BF2A2F98760051D945 /* MainView.swift */ = {isa = PBXFileReference; lastKnownFileType = sourcecode.swift; path = MainView.swift; sourceTree = "<group>"; };
		10F514C12A2F9B9D0051D945 /* CoverImageView.swift */ = {isa = PBXFileReference; lastKnownFileType = sourcecode.swift; path = CoverImageView.swift; sourceTree = "<group>"; };
		10F514C32A2FA5AD0051D945 /* ProductCategoryView.swift */ = {isa = PBXFileReference; lastKnownFileType = sourcecode.swift; path = ProductCategoryView.swift; sourceTree = "<group>"; };
		10F514C52A30226B0051D945 /* ProductView.swift */ = {isa = PBXFileReference; lastKnownFileType = sourcecode.swift; path = ProductView.swift; sourceTree = "<group>"; };
		10F514C72A3024AC0051D945 /* ProductListView.swift */ = {isa = PBXFileReference; lastKnownFileType = sourcecode.swift; path = ProductListView.swift; sourceTree = "<group>"; };
		10F514C92A3024CA0051D945 /* ProductDetailsView.swift */ = {isa = PBXFileReference; lastKnownFileType = sourcecode.swift; path = ProductDetailsView.swift; sourceTree = "<group>"; };
/* End PBXFileReference section */

/* Begin PBXFrameworksBuildPhase section */
		10F514A42A2F976A0051D945 /* Frameworks */ = {
			isa = PBXFrameworksBuildPhase;
			buildActionMask = 2147483647;
			files = (
				1019F4592A3216F3009F5E15 /* Alamofire in Frameworks */,
			);
			runOnlyForDeploymentPostprocessing = 0;
		};
/* End PBXFrameworksBuildPhase section */

/* Begin PBXGroup section */
		10312CBC2A334BDA00952B71 /* MainView */ = {
			isa = PBXGroup;
			children = (
				10F514BF2A2F98760051D945 /* MainView.swift */,
				10F514BC2A2F98270051D945 /* HomeView.swift */,
				10F514C72A3024AC0051D945 /* ProductListView.swift */,
				10F514C92A3024CA0051D945 /* ProductDetailsView.swift */,
				10312CB82A333EF800952B71 /* CartView.swift */,
				10312CBA2A33413E00952B71 /* ProfileView.swift */,
			);
			path = MainView;
			sourceTree = "<group>";
		};
		10312CBF2A33665C00952B71 /* Helper */ = {
			isa = PBXGroup;
			children = (
				10312CC02A33675300952B71 /* Image.swift */,
				10312CC22A336A0200952B71 /* ImagePicker.swift */,
			);
			path = Helper;
			sourceTree = "<group>";
		};
		10312CC42A33715100952B71 /* Extension */ = {
			isa = PBXGroup;
			children = (
				10312CC52A33717D00952B71 /* PopUp.swift */,
			);
			path = Extension;
			sourceTree = "<group>";
		};
		10312CC72A33D27400952B71 /* Storage */ = {
			isa = PBXGroup;
			children = (
				10312CC82A33D29C00952B71 /* ProductDB.swift */,
			);
			path = Storage;
			sourceTree = "<group>";
		};
		10F5149E2A2F976A0051D945 = {
			isa = PBXGroup;
			children = (
				10F514A92A2F976A0051D945 /* Shoppers Mart */,
				10F514A82A2F976A0051D945 /* Products */,
			);
			sourceTree = "<group>";
		};
		10F514A82A2F976A0051D945 /* Products */ = {
			isa = PBXGroup;
			children = (
				10F514A72A2F976A0051D945 /* Shoppers Mart.app */,
			);
			name = Products;
			sourceTree = "<group>";
		};
		10F514A92A2F976A0051D945 /* Shoppers Mart */ = {
			isa = PBXGroup;
			children = (
				10F514B82A2F97BF0051D945 /* View */,
				10F514B92A2F97CD0051D945 /* Model */,
				10F514BA2A2F97D80051D945 /* Network */,
				10312CC72A33D27400952B71 /* Storage */,
				10312CC42A33715100952B71 /* Extension */,
				10312CBF2A33665C00952B71 /* Helper */,
				10F514AA2A2F976A0051D945 /* Shoppers_MartApp.swift */,
				10F514AC2A2F976A0051D945 /* ContentView.swift */,
				10F514AE2A2F976B0051D945 /* Assets.xcassets */,
				10F514B02A2F976B0051D945 /* Preview Content */,
			);
			path = "Shoppers Mart";
			sourceTree = "<group>";
		};
		10F514B02A2F976B0051D945 /* Preview Content */ = {
			isa = PBXGroup;
			children = (
				10F514B12A2F976B0051D945 /* Preview Assets.xcassets */,
			);
			path = "Preview Content";
			sourceTree = "<group>";
		};
		10F514B82A2F97BF0051D945 /* View */ = {
			isa = PBXGroup;
			children = (
				10312CBC2A334BDA00952B71 /* MainView */,
				10F514BB2A2F97EC0051D945 /* SubView */,
				10312CBD2A334BF000952B71 /* Shapes.swift */,
			);
			path = View;
			sourceTree = "<group>";
		};
		10F514B92A2F97CD0051D945 /* Model */ = {
			isa = PBXGroup;
			children = (
				1019F4532A321410009F5E15 /* ProductList.swift */,
				1019F45A2A3217E7009F5E15 /* Api.swift */,
			);
			path = Model;
			sourceTree = "<group>";
		};
		10F514BA2A2F97D80051D945 /* Network */ = {
			isa = PBXGroup;
			children = (
				1019F4552A3216AF009F5E15 /* Products.swift */,
				1019F45C2A3220B5009F5E15 /* ProductCategory.swift */,
			);
			path = Network;
			sourceTree = "<group>";
		};
		10F514BB2A2F97EC0051D945 /* SubView */ = {
			isa = PBXGroup;
			children = (
				10F514C12A2F9B9D0051D945 /* CoverImageView.swift */,
				10F514C32A2FA5AD0051D945 /* ProductCategoryView.swift */,
				10F514C52A30226B0051D945 /* ProductView.swift */,
				10312CB42A32F6FF00952B71 /* QuantityFavouriteDetailsView.swift */,
				10312CB62A32F76200952B71 /* AddToCartDetailsView.swift */,
			);
			path = SubView;
			sourceTree = "<group>";
		};
/* End PBXGroup section */

/* Begin PBXNativeTarget section */
		10F514A62A2F976A0051D945 /* Shoppers Mart */ = {
			isa = PBXNativeTarget;
			buildConfigurationList = 10F514B52A2F976B0051D945 /* Build configuration list for PBXNativeTarget "Shoppers Mart" */;
			buildPhases = (
				10F514A32A2F976A0051D945 /* Sources */,
				10F514A42A2F976A0051D945 /* Frameworks */,
				10F514A52A2F976A0051D945 /* Resources */,
			);
			buildRules = (
			);
			dependencies = (
			);
			name = "Shoppers Mart";
			packageProductDependencies = (
				1019F4582A3216F3009F5E15 /* Alamofire */,
			);
			productName = "Shoppers Mart";
			productReference = 10F514A72A2F976A0051D945 /* Shoppers Mart.app */;
			productType = "com.apple.product-type.application";
		};
/* End PBXNativeTarget section */

/* Begin PBXProject section */
		10F5149F2A2F976A0051D945 /* Project object */ = {
			isa = PBXProject;
			attributes = {
				BuildIndependentTargetsInParallel = 1;
				LastSwiftUpdateCheck = 1430;
				LastUpgradeCheck = 1430;
				TargetAttributes = {
					10F514A62A2F976A0051D945 = {
						CreatedOnToolsVersion = 14.3.1;
					};
				};
			};
			buildConfigurationList = 10F514A22A2F976A0051D945 /* Build configuration list for PBXProject "Shoppers Mart" */;
			compatibilityVersion = "Xcode 14.0";
			developmentRegion = en;
			hasScannedForEncodings = 0;
			knownRegions = (
				en,
				Base,
			);
			mainGroup = 10F5149E2A2F976A0051D945;
			packageReferences = (
				1019F4572A3216F3009F5E15 /* XCRemoteSwiftPackageReference "Alamofire" */,
			);
			productRefGroup = 10F514A82A2F976A0051D945 /* Products */;
			projectDirPath = "";
			projectRoot = "";
			targets = (
				10F514A62A2F976A0051D945 /* Shoppers Mart */,
			);
		};
/* End PBXProject section */

/* Begin PBXResourcesBuildPhase section */
		10F514A52A2F976A0051D945 /* Resources */ = {
			isa = PBXResourcesBuildPhase;
			buildActionMask = 2147483647;
			files = (
				10F514B22A2F976B0051D945 /* Preview Assets.xcassets in Resources */,
				10F514AF2A2F976B0051D945 /* Assets.xcassets in Resources */,
			);
			runOnlyForDeploymentPostprocessing = 0;
		};
/* End PBXResourcesBuildPhase section */

/* Begin PBXSourcesBuildPhase section */
		10F514A32A2F976A0051D945 /* Sources */ = {
			isa = PBXSourcesBuildPhase;
			buildActionMask = 2147483647;
			files = (
				10312CB52A32F6FF00952B71 /* QuantityFavouriteDetailsView.swift in Sources */,
				10F514C82A3024AC0051D945 /* ProductListView.swift in Sources */,
				1019F45D2A3220B5009F5E15 /* ProductCategory.swift in Sources */,
				1019F4562A3216AF009F5E15 /* Products.swift in Sources */,
				1019F4542A321410009F5E15 /* ProductList.swift in Sources */,
				10F514C42A2FA5AD0051D945 /* ProductCategoryView.swift in Sources */,
				10312CB72A32F76200952B71 /* AddToCartDetailsView.swift in Sources */,
				10F514AD2A2F976A0051D945 /* ContentView.swift in Sources */,
				10F514C02A2F98760051D945 /* MainView.swift in Sources */,
				10312CBB2A33413E00952B71 /* ProfileView.swift in Sources */,
				10312CC62A33717D00952B71 /* PopUp.swift in Sources */,
				1019F45B2A3217E7009F5E15 /* Api.swift in Sources */,
				10312CBE2A334BF000952B71 /* Shapes.swift in Sources */,
				10312CC92A33D29C00952B71 /* ProductDB.swift in Sources */,
				10F514C22A2F9B9D0051D945 /* CoverImageView.swift in Sources */,
				10312CC12A33675300952B71 /* Image.swift in Sources */,
				10F514C62A30226B0051D945 /* ProductView.swift in Sources */,
				10F514BD2A2F98270051D945 /* HomeView.swift in Sources */,
				10F514AB2A2F976A0051D945 /* Shoppers_MartApp.swift in Sources */,
				10312CC32A336A0200952B71 /* ImagePicker.swift in Sources */,
				10312CB92A333EF800952B71 /* CartView.swift in Sources */,
				10F514CA2A3024CA0051D945 /* ProductDetailsView.swift in Sources */,
			);
			runOnlyForDeploymentPostprocessing = 0;
		};
/* End PBXSourcesBuildPhase section */

/* Begin XCBuildConfiguration section */
		10F514B32A2F976B0051D945 /* Debug */ = {
			isa = XCBuildConfiguration;
			buildSettings = {
				ALWAYS_SEARCH_USER_PATHS = NO;
				CLANG_ANALYZER_NONNULL = YES;
				CLANG_ANALYZER_NUMBER_OBJECT_CONVERSION = YES_AGGRESSIVE;
				CLANG_CXX_LANGUAGE_STANDARD = "gnu++20";
				CLANG_ENABLE_MODULES = YES;
				CLANG_ENABLE_OBJC_ARC = YES;
				CLANG_ENABLE_OBJC_WEAK = YES;
				CLANG_WARN_BLOCK_CAPTURE_AUTORELEASING = YES;
				CLANG_WARN_BOOL_CONVERSION = YES;
				CLANG_WARN_COMMA = YES;
				CLANG_WARN_CONSTANT_CONVERSION = YES;
				CLANG_WARN_DEPRECATED_OBJC_IMPLEMENTATIONS = YES;
				CLANG_WARN_DIRECT_OBJC_ISA_USAGE = YES_ERROR;
				CLANG_WARN_DOCUMENTATION_COMMENTS = YES;
				CLANG_WARN_EMPTY_BODY = YES;
				CLANG_WARN_ENUM_CONVERSION = YES;
				CLANG_WARN_INFINITE_RECURSION = YES;
				CLANG_WARN_INT_CONVERSION = YES;
				CLANG_WARN_NON_LITERAL_NULL_CONVERSION = YES;
				CLANG_WARN_OBJC_IMPLICIT_RETAIN_SELF = YES;
				CLANG_WARN_OBJC_LITERAL_CONVERSION = YES;
				CLANG_WARN_OBJC_ROOT_CLASS = YES_ERROR;
				CLANG_WARN_QUOTED_INCLUDE_IN_FRAMEWORK_HEADER = YES;
				CLANG_WARN_RANGE_LOOP_ANALYSIS = YES;
				CLANG_WARN_STRICT_PROTOTYPES = YES;
				CLANG_WARN_SUSPICIOUS_MOVE = YES;
				CLANG_WARN_UNGUARDED_AVAILABILITY = YES_AGGRESSIVE;
				CLANG_WARN_UNREACHABLE_CODE = YES;
				CLANG_WARN__DUPLICATE_METHOD_MATCH = YES;
				COPY_PHASE_STRIP = NO;
				DEBUG_INFORMATION_FORMAT = dwarf;
				ENABLE_STRICT_OBJC_MSGSEND = YES;
				ENABLE_TESTABILITY = YES;
				GCC_C_LANGUAGE_STANDARD = gnu11;
				GCC_DYNAMIC_NO_PIC = NO;
				GCC_NO_COMMON_BLOCKS = YES;
				GCC_OPTIMIZATION_LEVEL = 0;
				GCC_PREPROCESSOR_DEFINITIONS = (
					"DEBUG=1",
					"$(inherited)",
				);
				GCC_WARN_64_TO_32_BIT_CONVERSION = YES;
				GCC_WARN_ABOUT_RETURN_TYPE = YES_ERROR;
				GCC_WARN_UNDECLARED_SELECTOR = YES;
				GCC_WARN_UNINITIALIZED_AUTOS = YES_AGGRESSIVE;
				GCC_WARN_UNUSED_FUNCTION = YES;
				GCC_WARN_UNUSED_VARIABLE = YES;
				IPHONEOS_DEPLOYMENT_TARGET = 16.4;
				MTL_ENABLE_DEBUG_INFO = INCLUDE_SOURCE;
				MTL_FAST_MATH = YES;
				ONLY_ACTIVE_ARCH = YES;
				SDKROOT = iphoneos;
				SWIFT_ACTIVE_COMPILATION_CONDITIONS = DEBUG;
				SWIFT_OPTIMIZATION_LEVEL = "-Onone";
			};
			name = Debug;
		};
		10F514B42A2F976B0051D945 /* Release */ = {
			isa = XCBuildConfiguration;
			buildSettings = {
				ALWAYS_SEARCH_USER_PATHS = NO;
				CLANG_ANALYZER_NONNULL = YES;
				CLANG_ANALYZER_NUMBER_OBJECT_CONVERSION = YES_AGGRESSIVE;
				CLANG_CXX_LANGUAGE_STANDARD = "gnu++20";
				CLANG_ENABLE_MODULES = YES;
				CLANG_ENABLE_OBJC_ARC = YES;
				CLANG_ENABLE_OBJC_WEAK = YES;
				CLANG_WARN_BLOCK_CAPTURE_AUTORELEASING = YES;
				CLANG_WARN_BOOL_CONVERSION = YES;
				CLANG_WARN_COMMA = YES;
				CLANG_WARN_CONSTANT_CONVERSION = YES;
				CLANG_WARN_DEPRECATED_OBJC_IMPLEMENTATIONS = YES;
				CLANG_WARN_DIRECT_OBJC_ISA_USAGE = YES_ERROR;
				CLANG_WARN_DOCUMENTATION_COMMENTS = YES;
				CLANG_WARN_EMPTY_BODY = YES;
				CLANG_WARN_ENUM_CONVERSION = YES;
				CLANG_WARN_INFINITE_RECURSION = YES;
				CLANG_WARN_INT_CONVERSION = YES;
				CLANG_WARN_NON_LITERAL_NULL_CONVERSION = YES;
				CLANG_WARN_OBJC_IMPLICIT_RETAIN_SELF = YES;
				CLANG_WARN_OBJC_LITERAL_CONVERSION = YES;
				CLANG_WARN_OBJC_ROOT_CLASS = YES_ERROR;
				CLANG_WARN_QUOTED_INCLUDE_IN_FRAMEWORK_HEADER = YES;
				CLANG_WARN_RANGE_LOOP_ANALYSIS = YES;
				CLANG_WARN_STRICT_PROTOTYPES = YES;
				CLANG_WARN_SUSPICIOUS_MOVE = YES;
				CLANG_WARN_UNGUARDED_AVAILABILITY = YES_AGGRESSIVE;
				CLANG_WARN_UNREACHABLE_CODE = YES;
				CLANG_WARN__DUPLICATE_METHOD_MATCH = YES;
				COPY_PHASE_STRIP = NO;
				DEBUG_INFORMATION_FORMAT = "dwarf-with-dsym";
				ENABLE_NS_ASSERTIONS = NO;
				ENABLE_STRICT_OBJC_MSGSEND = YES;
				GCC_C_LANGUAGE_STANDARD = gnu11;
				GCC_NO_COMMON_BLOCKS = YES;
				GCC_WARN_64_TO_32_BIT_CONVERSION = YES;
				GCC_WARN_ABOUT_RETURN_TYPE = YES_ERROR;
				GCC_WARN_UNDECLARED_SELECTOR = YES;
				GCC_WARN_UNINITIALIZED_AUTOS = YES_AGGRESSIVE;
				GCC_WARN_UNUSED_FUNCTION = YES;
				GCC_WARN_UNUSED_VARIABLE = YES;
				IPHONEOS_DEPLOYMENT_TARGET = 16.4;
				MTL_ENABLE_DEBUG_INFO = NO;
				MTL_FAST_MATH = YES;
				SDKROOT = iphoneos;
				SWIFT_COMPILATION_MODE = wholemodule;
				SWIFT_OPTIMIZATION_LEVEL = "-O";
				VALIDATE_PRODUCT = YES;
			};
			name = Release;
		};
		10F514B62A2F976B0051D945 /* Debug */ = {
			isa = XCBuildConfiguration;
			buildSettings = {
				ASSETCATALOG_COMPILER_APPICON_NAME = AppIcon;
				ASSETCATALOG_COMPILER_GLOBAL_ACCENT_COLOR_NAME = AccentColor;
				ASSETCATALOG_COMPILER_INCLUDE_ALL_APPICON_ASSETS = YES;
				CODE_SIGN_STYLE = Automatic;
				CURRENT_PROJECT_VERSION = 1;
				DEVELOPMENT_ASSET_PATHS = "\"Shoppers Mart/Preview Content\"";
				DEVELOPMENT_TEAM = 767JC457LD;
				ENABLE_PREVIEWS = YES;
				GENERATE_INFOPLIST_FILE = YES;
				INFOPLIST_KEY_CFBundleDisplayName = "Shop Mart";
				INFOPLIST_KEY_NSCameraUsageDescription = "Need camera access to upload images.";
				INFOPLIST_KEY_UIApplicationSceneManifest_Generation = YES;
				INFOPLIST_KEY_UIApplicationSupportsIndirectInputEvents = YES;
				INFOPLIST_KEY_UILaunchScreen_Generation = YES;
				INFOPLIST_KEY_UISupportedInterfaceOrientations_iPad = "UIInterfaceOrientationPortrait UIInterfaceOrientationPortraitUpsideDown UIInterfaceOrientationLandscapeLeft UIInterfaceOrientationLandscapeRight";
				INFOPLIST_KEY_UISupportedInterfaceOrientations_iPhone = "UIInterfaceOrientationPortrait UIInterfaceOrientationLandscapeLeft UIInterfaceOrientationLandscapeRight";
				IPHONEOS_DEPLOYMENT_TARGET = 16.0;
				LD_RUNPATH_SEARCH_PATHS = (
					"$(inherited)",
					"@executable_path/Frameworks",
				);
				MARKETING_VERSION = 1.0;
				PRODUCT_BUNDLE_IDENTIFIER = "com.mdabirhossain.Shoppers-Mart";
				PRODUCT_NAME = "$(TARGET_NAME)";
				SWIFT_EMIT_LOC_STRINGS = YES;
				SWIFT_VERSION = 5.0;
				TARGETED_DEVICE_FAMILY = "1,2";
			};
			name = Debug;
		};
		10F514B72A2F976B0051D945 /* Release */ = {
			isa = XCBuildConfiguration;
			buildSettings = {
				ASSETCATALOG_COMPILER_APPICON_NAME = AppIcon;
				ASSETCATALOG_COMPILER_GLOBAL_ACCENT_COLOR_NAME = AccentColor;
				ASSETCATALOG_COMPILER_INCLUDE_ALL_APPICON_ASSETS = YES;
				CODE_SIGN_STYLE = Automatic;
				CURRENT_PROJECT_VERSION = 1;
				DEVELOPMENT_ASSET_PATHS = "\"Shoppers Mart/Preview Content\"";
				DEVELOPMENT_TEAM = 767JC457LD;
				ENABLE_PREVIEWS = YES;
				GENERATE_INFOPLIST_FILE = YES;
				INFOPLIST_KEY_CFBundleDisplayName = "Shop Mart";
				INFOPLIST_KEY_NSCameraUsageDescription = "Need camera access to upload images.";
				INFOPLIST_KEY_UIApplicationSceneManifest_Generation = YES;
				INFOPLIST_KEY_UIApplicationSupportsIndirectInputEvents = YES;
				INFOPLIST_KEY_UILaunchScreen_Generation = YES;
				INFOPLIST_KEY_UISupportedInterfaceOrientations_iPad = "UIInterfaceOrientationPortrait UIInterfaceOrientationPortraitUpsideDown UIInterfaceOrientationLandscapeLeft UIInterfaceOrientationLandscapeRight";
				INFOPLIST_KEY_UISupportedInterfaceOrientations_iPhone = "UIInterfaceOrientationPortrait UIInterfaceOrientationLandscapeLeft UIInterfaceOrientationLandscapeRight";
				IPHONEOS_DEPLOYMENT_TARGET = 16.0;
				LD_RUNPATH_SEARCH_PATHS = (
					"$(inherited)",
					"@executable_path/Frameworks",
				);
				MARKETING_VERSION = 1.0;
				PRODUCT_BUNDLE_IDENTIFIER = "com.mdabirhossain.Shoppers-Mart";
				PRODUCT_NAME = "$(TARGET_NAME)";
				SWIFT_EMIT_LOC_STRINGS = YES;
				SWIFT_VERSION = 5.0;
				TARGETED_DEVICE_FAMILY = "1,2";
			};
			name = Release;
		};
/* End XCBuildConfiguration section */

/* Begin XCConfigurationList section */
		10F514A22A2F976A0051D945 /* Build configuration list for PBXProject "Shoppers Mart" */ = {
			isa = XCConfigurationList;
			buildConfigurations = (
				10F514B32A2F976B0051D945 /* Debug */,
				10F514B42A2F976B0051D945 /* Release */,
			);
			defaultConfigurationIsVisible = 0;
			defaultConfigurationName = Release;
		};
		10F514B52A2F976B0051D945 /* Build configuration list for PBXNativeTarget "Shoppers Mart" */ = {
			isa = XCConfigurationList;
			buildConfigurations = (
				10F514B62A2F976B0051D945 /* Debug */,
				10F514B72A2F976B0051D945 /* Release */,
			);
			defaultConfigurationIsVisible = 0;
			defaultConfigurationName = Release;
		};
/* End XCConfigurationList section */

/* Begin XCRemoteSwiftPackageReference section */
		1019F4572A3216F3009F5E15 /* XCRemoteSwiftPackageReference "Alamofire" */ = {
			isa = XCRemoteSwiftPackageReference;
			repositoryURL = "https://github.com/Alamofire/Alamofire.git";
			requirement = {
				kind = upToNextMajorVersion;
				minimumVersion = 5.0.0;
			};
		};
/* End XCRemoteSwiftPackageReference section */

/* Begin XCSwiftPackageProductDependency section */
		1019F4582A3216F3009F5E15 /* Alamofire */ = {
			isa = XCSwiftPackageProductDependency;
			package = 1019F4572A3216F3009F5E15 /* XCRemoteSwiftPackageReference "Alamofire" */;
			productName = Alamofire;
		};
/* End XCSwiftPackageProductDependency section */
	};
	rootObject = 10F5149F2A2F976A0051D945 /* Project object */;
}
